{
  "name": "strip-diacritics",
  "version": "1.0.0",
  "lockfileVersion": 3,
  "requires": true,
  "packages": {
    "": {
      "name": "strip-diacritics",
      "version": "1.0.0",
      "license": "Apache-2.0",
      "dependencies": {
        "simply-slugy": "^1.1.0"
      }
    },
    "node_modules/diacritics": {
      "version": "1.3.0",
      "resolved": "https://registry.npmjs.org/diacritics/-/diacritics-1.3.0.tgz",
      "integrity": "sha512-wlwEkqcsaxvPJML+rDh/2iS824jbREk6DUMUKkEaSlxdYHeS43cClJtsWglvw2RfeXGm6ohKDqsXteJ5sP5enA=="
    },
    "node_modules/simply-slugy": {
      "version": "1.1.0",
      "resolved": "https://registry.npmjs.org/simply-slugy/-/simply-slugy-1.1.0.tgz",
      "integrity": "sha512-tf/rGZe4tfuJcD4FDlTJeYSKK6RtVjkj8WZDFgW5mS9ryEG+X8SQV73TSW7Jy9CtJpwyV+xSAwPacFbRMEqs8A==",
      "dependencies": {
        "diacritics": "^1.3.0"
      }
    }
  }
}
